// !$*UTF8*$!
{
	archiveVersion = 1;
	classes = {
	};
	objectVersion = 46;
	objects = {

/* Begin PBXBuildFile section */
		B14AE3231EDFE33D00E5B3E8 /* AppDelegate.swift in Sources */ = {isa = PBXBuildFile; fileRef = B14AE3221EDFE33D00E5B3E8 /* AppDelegate.swift */; };
		B14AE3251EDFE33D00E5B3E8 /* ViewController.swift in Sources */ = {isa = PBXBuildFile; fileRef = B14AE3241EDFE33D00E5B3E8 /* ViewController.swift */; };
		B14AE3281EDFE33D00E5B3E8 /* Main.storyboard in Resources */ = {isa = PBXBuildFile; fileRef = B14AE3261EDFE33D00E5B3E8 /* Main.storyboard */; };
		B14AE32B1EDFE33D00E5B3E8 /* Compliment_Generator.xcdatamodeld in Sources */ = {isa = PBXBuildFile; fileRef = B14AE3291EDFE33D00E5B3E8 /* Compliment_Generator.xcdatamodeld */; };
		B14AE32D1EDFE33D00E5B3E8 /* Assets.xcassets in Resources */ = {isa = PBXBuildFile; fileRef = B14AE32C1EDFE33D00E5B3E8 /* Assets.xcassets */; };
		B14AE3301EDFE33D00E5B3E8 /* LaunchScreen.storyboard in Resources */ = {isa = PBXBuildFile; fileRef = B14AE32E1EDFE33D00E5B3E8 /* LaunchScreen.storyboard */; };
		B14AE33B1EDFE33D00E5B3E8 /* Compliment_GeneratorTests.swift in Sources */ = {isa = PBXBuildFile; fileRef = B14AE33A1EDFE33D00E5B3E8 /* Compliment_GeneratorTests.swift */; };
		B14AE3461EDFE33D00E5B3E8 /* Compliment_GeneratorUITests.swift in Sources */ = {isa = PBXBuildFile; fileRef = B14AE3451EDFE33D00E5B3E8 /* Compliment_GeneratorUITests.swift */; };
/* End PBXBuildFile section */

/* Begin PBXContainerItemProxy section */
		B14AE3371EDFE33D00E5B3E8 /* PBXContainerItemProxy */ = {
			isa = PBXContainerItemProxy;
			containerPortal = B14AE3171EDFE33D00E5B3E8 /* Project object */;
			proxyType = 1;
			remoteGlobalIDString = B14AE31E1EDFE33D00E5B3E8;
			remoteInfo = "Compliment Generator";
		};
		B14AE3421EDFE33D00E5B3E8 /* PBXContainerItemProxy */ = {
			isa = PBXContainerItemProxy;
			containerPortal = B14AE3171EDFE33D00E5B3E8 /* Project object */;
			proxyType = 1;
			remoteGlobalIDString = B14AE31E1EDFE33D00E5B3E8;
			remoteInfo = "Compliment Generator";
		};
/* End PBXContainerItemProxy section */

/* Begin PBXFileReference section */
		B14AE31F1EDFE33D00E5B3E8 /* Compliment Generator.app */ = {isa = PBXFileReference; explicitFileType = wrapper.application; includeInIndex = 0; path = "Compliment Generator.app"; sourceTree = BUILT_PRODUCTS_DIR; };
		B14AE3221EDFE33D00E5B3E8 /* AppDelegate.swift */ = {isa = PBXFileReference; lastKnownFileType = sourcecode.swift; path = AppDelegate.swift; sourceTree = "<group>"; };
		B14AE3241EDFE33D00E5B3E8 /* ViewController.swift */ = {isa = PBXFileReference; lastKnownFileType = sourcecode.swift; path = ViewController.swift; sourceTree = "<group>"; };
		B14AE3271EDFE33D00E5B3E8 /* Base */ = {isa = PBXFileReference; lastKnownFileType = file.storyboard; name = Base; path = Base.lproj/Main.storyboard; sourceTree = "<group>"; };
		B14AE32A1EDFE33D00E5B3E8 /* Compliment_Generator.xcdatamodel */ = {isa = PBXFileReference; lastKnownFileType = wrapper.xcdatamodel; path = Compliment_Generator.xcdatamodel; sourceTree = "<group>"; };
		B14AE32C1EDFE33D00E5B3E8 /* Assets.xcassets */ = {isa = PBXFileReference; lastKnownFileType = folder.assetcatalog; path = Assets.xcassets; sourceTree = "<group>"; };
		B14AE32F1EDFE33D00E5B3E8 /* Base */ = {isa = PBXFileReference; lastKnownFileType = file.storyboard; name = Base; path = Base.lproj/LaunchScreen.storyboard; sourceTree = "<group>"; };
		B14AE3311EDFE33D00E5B3E8 /* Info.plist */ = {isa = PBXFileReference; lastKnownFileType = text.plist.xml; path = Info.plist; sourceTree = "<group>"; };
		B14AE3361EDFE33D00E5B3E8 /* Compliment GeneratorTests.xctest */ = {isa = PBXFileReference; explicitFileType = wrapper.cfbundle; includeInIndex = 0; path = "Compliment GeneratorTests.xctest"; sourceTree = BUILT_PRODUCTS_DIR; };
		B14AE33A1EDFE33D00E5B3E8 /* Compliment_GeneratorTests.swift */ = {isa = PBXFileReference; lastKnownFileType = sourcecode.swift; path = Compliment_GeneratorTests.swift; sourceTree = "<group>"; };
		B14AE33C1EDFE33D00E5B3E8 /* Info.plist */ = {isa = PBXFileReference; lastKnownFileType = text.plist.xml; path = Info.plist; sourceTree = "<group>"; };
		B14AE3411EDFE33D00E5B3E8 /* Compliment GeneratorUITests.xctest */ = {isa = PBXFileReference; explicitFileType = wrapper.cfbundle; includeInIndex = 0; path = "Compliment GeneratorUITests.xctest"; sourceTree = BUILT_PRODUCTS_DIR; };
		B14AE3451EDFE33D00E5B3E8 /* Compliment_GeneratorUITests.swift */ = {isa = PBXFileReference; lastKnownFileType = sourcecode.swift; path = Compliment_GeneratorUITests.swift; sourceTree = "<group>"; };
		B14AE3471EDFE33D00E5B3E8 /* Info.plist */ = {isa = PBXFileReference; lastKnownFileType = text.plist.xml; path = Info.plist; sourceTree = "<group>"; };
/* End PBXFileReference section */

/* Begin PBXFrameworksBuildPhase section */
		B14AE31C1EDFE33D00E5B3E8 /* Frameworks */ = {
			isa = PBXFrameworksBuildPhase;
			buildActionMask = 2147483647;
			files = (
			);
			runOnlyForDeploymentPostprocessing = 0;
		};
		B14AE3331EDFE33D00E5B3E8 /* Frameworks */ = {
			isa = PBXFrameworksBuildPhase;
			buildActionMask = 2147483647;
			files = (
			);
			runOnlyForDeploymentPostprocessing = 0;
		};
		B14AE33E1EDFE33D00E5B3E8 /* Frameworks */ = {
			isa = PBXFrameworksBuildPhase;
			buildActionMask = 2147483647;
			files = (
			);
			runOnlyForDeploymentPostprocessing = 0;
		};
/* End PBXFrameworksBuildPhase section */

/* Begin PBXGroup section */
		B14AE3161EDFE33D00E5B3E8 = {
			isa = PBXGroup;
			children = (
				B14AE3211EDFE33D00E5B3E8 /* Compliment Generator */,
				B14AE3391EDFE33D00E5B3E8 /* Compliment GeneratorTests */,
				B14AE3441EDFE33D00E5B3E8 /* Compliment GeneratorUITests */,
				B14AE3201EDFE33D00E5B3E8 /* Products */,
			);
			sourceTree = "<group>";
		};
		B14AE3201EDFE33D00E5B3E8 /* Products */ = {
			isa = PBXGroup;
			children = (
				B14AE31F1EDFE33D00E5B3E8 /* Compliment Generator.app */,
				B14AE3361EDFE33D00E5B3E8 /* Compliment GeneratorTests.xctest */,
				B14AE3411EDFE33D00E5B3E8 /* Compliment GeneratorUITests.xctest */,
			);
			name = Products;
			sourceTree = "<group>";
		};
		B14AE3211EDFE33D00E5B3E8 /* Compliment Generator */ = {
			isa = PBXGroup;
			children = (
				B14AE3221EDFE33D00E5B3E8 /* AppDelegate.swift */,
				B14AE3241EDFE33D00E5B3E8 /* ViewController.swift */,
				B14AE3261EDFE33D00E5B3E8 /* Main.storyboard */,
				B14AE32C1EDFE33D00E5B3E8 /* Assets.xcassets */,
				B14AE32E1EDFE33D00E5B3E8 /* LaunchScreen.storyboard */,
				B14AE3311EDFE33D00E5B3E8 /* Info.plist */,
				B14AE3291EDFE33D00E5B3E8 /* Compliment_Generator.xcdatamodeld */,
			);
			path = "Compliment Generator";
			sourceTree = "<group>";
		};
		B14AE3391EDFE33D00E5B3E8 /* Compliment GeneratorTests */ = {
			isa = PBXGroup;
			children = (
				B14AE33A1EDFE33D00E5B3E8 /* Compliment_GeneratorTests.swift */,
				B14AE33C1EDFE33D00E5B3E8 /* Info.plist */,
			);
			path = "Compliment GeneratorTests";
			sourceTree = "<group>";
		};
		B14AE3441EDFE33D00E5B3E8 /* Compliment GeneratorUITests */ = {
			isa = PBXGroup;
			children = (
				B14AE3451EDFE33D00E5B3E8 /* Compliment_GeneratorUITests.swift */,
				B14AE3471EDFE33D00E5B3E8 /* Info.plist */,
			);
			path = "Compliment GeneratorUITests";
			sourceTree = "<group>";
		};
/* End PBXGroup section */

/* Begin PBXNativeTarget section */
		B14AE31E1EDFE33D00E5B3E8 /* Compliment Generator */ = {
			isa = PBXNativeTarget;
			buildConfigurationList = B14AE34A1EDFE33D00E5B3E8 /* Build configuration list for PBXNativeTarget "Compliment Generator" */;
			buildPhases = (
				B14AE31B1EDFE33D00E5B3E8 /* Sources */,
				B14AE31C1EDFE33D00E5B3E8 /* Frameworks */,
				B14AE31D1EDFE33D00E5B3E8 /* Resources */,
			);
			buildRules = (
			);
			dependencies = (
			);
			name = "Compliment Generator";
			productName = "Compliment Generator";
			productReference = B14AE31F1EDFE33D00E5B3E8 /* Compliment Generator.app */;
			productType = "com.apple.product-type.application";
		};
		B14AE3351EDFE33D00E5B3E8 /* Compliment GeneratorTests */ = {
			isa = PBXNativeTarget;
			buildConfigurationList = B14AE34D1EDFE33D00E5B3E8 /* Build configuration list for PBXNativeTarget "Compliment GeneratorTests" */;
			buildPhases = (
				B14AE3321EDFE33D00E5B3E8 /* Sources */,
				B14AE3331EDFE33D00E5B3E8 /* Frameworks */,
				B14AE3341EDFE33D00E5B3E8 /* Resources */,
			);
			buildRules = (
			);
			dependencies = (
				B14AE3381EDFE33D00E5B3E8 /* PBXTargetDependency */,
			);
			name = "Compliment GeneratorTests";
			productName = "Compliment GeneratorTests";
			productReference = B14AE3361EDFE33D00E5B3E8 /* Compliment GeneratorTests.xctest */;
			productType = "com.apple.product-type.bundle.unit-test";
		};
		B14AE3401EDFE33D00E5B3E8 /* Compliment GeneratorUITests */ = {
			isa = PBXNativeTarget;
			buildConfigurationList = B14AE3501EDFE33D00E5B3E8 /* Build configuration list for PBXNativeTarget "Compliment GeneratorUITests" */;
			buildPhases = (
				B14AE33D1EDFE33D00E5B3E8 /* Sources */,
				B14AE33E1EDFE33D00E5B3E8 /* Frameworks */,
				B14AE33F1EDFE33D00E5B3E8 /* Resources */,
			);
			buildRules = (
			);
			dependencies = (
				B14AE3431EDFE33D00E5B3E8 /* PBXTargetDependency */,
			);
			name = "Compliment GeneratorUITests";
			productName = "Compliment GeneratorUITests";
			productReference = B14AE3411EDFE33D00E5B3E8 /* Compliment GeneratorUITests.xctest */;
			productType = "com.apple.product-type.bundle.ui-testing";
		};
/* End PBXNativeTarget section */

/* Begin PBXProject section */
		B14AE3171EDFE33D00E5B3E8 /* Project object */ = {
			isa = PBXProject;
			attributes = {
				LastSwiftUpdateCheck = 0730;
				LastUpgradeCheck = 0730;
				ORGANIZATIONNAME = "Satwinder Mangat";
				TargetAttributes = {
					B14AE31E1EDFE33D00E5B3E8 = {
						CreatedOnToolsVersion = 7.3.1;
					};
					B14AE3351EDFE33D00E5B3E8 = {
						CreatedOnToolsVersion = 7.3.1;
						TestTargetID = B14AE31E1EDFE33D00E5B3E8;
					};
					B14AE3401EDFE33D00E5B3E8 = {
						CreatedOnToolsVersion = 7.3.1;
						TestTargetID = B14AE31E1EDFE33D00E5B3E8;
					};
				};
			};
			buildConfigurationList = B14AE31A1EDFE33D00E5B3E8 /* Build configuration list for PBXProject "Compliment Generator" */;
			compatibilityVersion = "Xcode 3.2";
			developmentRegion = English;
			hasScannedForEncodings = 0;
			knownRegions = (
				en,
				Base,
			);
			mainGroup = B14AE3161EDFE33D00E5B3E8;
			productRefGroup = B14AE3201EDFE33D00E5B3E8 /* Products */;
			projectDirPath = "";
			projectRoot = "";
			targets = (
				B14AE31E1EDFE33D00E5B3E8 /* Compliment Generator */,
				B14AE3351EDFE33D00E5B3E8 /* Compliment GeneratorTests */,
				B14AE3401EDFE33D00E5B3E8 /* Compliment GeneratorUITests */,
			);
		};
/* End PBXProject section */

/* Begin PBXResourcesBuildPhase section */
		B14AE31D1EDFE33D00E5B3E8 /* Resources */ = {
			isa = PBXResourcesBuildPhase;
			buildActionMask = 2147483647;
			files = (
				B14AE3301EDFE33D00E5B3E8 /* LaunchScreen.storyboard in Resources */,
				B14AE32D1EDFE33D00E5B3E8 /* Assets.xcassets in Resources */,
				B14AE3281EDFE33D00E5B3E8 /* Main.storyboard in Resources */,
			);
			runOnlyForDeploymentPostprocessing = 0;
		};
		B14AE3341EDFE33D00E5B3E8 /* Resources */ = {
			isa = PBXResourcesBuildPhase;
			buildActionMask = 2147483647;
			files = (
			);
			runOnlyForDeploymentPostprocessing = 0;
		};
		B14AE33F1EDFE33D00E5B3E8 /* Resources */ = {
			isa = PBXResourcesBuildPhase;
			buildActionMask = 2147483647;
			files = (
			);
			runOnlyForDeploymentPostprocessing = 0;
		};
/* End PBXResourcesBuildPhase section */

/* Begin PBXSourcesBuildPhase section */
		B14AE31B1EDFE33D00E5B3E8 /* Sources */ = {
			isa = PBXSourcesBuildPhase;
			buildActionMask = 2147483647;
			files = (
				B14AE32B1EDFE33D00E5B3E8 /* Compliment_Generator.xcdatamodeld in Sources */,
				B14AE3251EDFE33D00E5B3E8 /* ViewController.swift in Sources */,
				B14AE3231EDFE33D00E5B3E8 /* AppDelegate.swift in Sources */,
			);
			runOnlyForDeploymentPostprocessing = 0;
		};
		B14AE3321EDFE33D00E5B3E8 /* Sources */ = {
			isa = PBXSourcesBuildPhase;
			buildActionMask = 2147483647;
			files = (
				B14AE33B1EDFE33D00E5B3E8 /* Compliment_GeneratorTests.swift in Sources */,
			);
			runOnlyForDeploymentPostprocessing = 0;
		};
		B14AE33D1EDFE33D00E5B3E8 /* Sources */ = {
			isa = PBXSourcesBuildPhase;
			buildActionMask = 2147483647;
			files = (
				B14AE3461EDFE33D00E5B3E8 /* Compliment_GeneratorUITests.swift in Sources */,
			);
			runOnlyForDeploymentPostprocessing = 0;
		};
/* End PBXSourcesBuildPhase section */

/* Begin PBXTargetDependency section */
		B14AE3381EDFE33D00E5B3E8 /* PBXTargetDependency */ = {
			isa = PBXTargetDependency;
			target = B14AE31E1EDFE33D00E5B3E8 /* Compliment Generator */;
			targetProxy = B14AE3371EDFE33D00E5B3E8 /* PBXContainerItemProxy */;
		};
		B14AE3431EDFE33D00E5B3E8 /* PBXTargetDependency */ = {
			isa = PBXTargetDependency;
			target = B14AE31E1EDFE33D00E5B3E8 /* Compliment Generator */;
			targetProxy = B14AE3421EDFE33D00E5B3E8 /* PBXContainerItemProxy */;
		};
/* End PBXTargetDependency section */

/* Begin PBXVariantGroup section */
		B14AE3261EDFE33D00E5B3E8 /* Main.storyboard */ = {
			isa = PBXVariantGroup;
			children = (
				B14AE3271EDFE33D00E5B3E8 /* Base */,
			);
			name = Main.storyboard;
			sourceTree = "<group>";
		};
		B14AE32E1EDFE33D00E5B3E8 /* LaunchScreen.storyboard */ = {
			isa = PBXVariantGroup;
			children = (
				B14AE32F1EDFE33D00E5B3E8 /* Base */,
			);
			name = LaunchScreen.storyboard;
			sourceTree = "<group>";
		};
/* End PBXVariantGroup section */

/* Begin XCBuildConfiguration section */
		B14AE3481EDFE33D00E5B3E8 /* Debug */ = {
			isa = XCBuildConfiguration;
			buildSettings = {
				ALWAYS_SEARCH_USER_PATHS = NO;
				CLANG_ANALYZER_NONNULL = YES;
				CLANG_CXX_LANGUAGE_STANDARD = "gnu++0x";
				CLANG_CXX_LIBRARY = "libc++";
				CLANG_ENABLE_MODULES = YES;
				CLANG_ENABLE_OBJC_ARC = YES;
				CLANG_WARN_BOOL_CONVERSION = YES;
				CLANG_WARN_CONSTANT_CONVERSION = YES;
				CLANG_WARN_DIRECT_OBJC_ISA_USAGE = YES_ERROR;
				CLANG_WARN_EMPTY_BODY = YES;
				CLANG_WARN_ENUM_CONVERSION = YES;
				CLANG_WARN_INT_CONVERSION = YES;
				CLANG_WARN_OBJC_ROOT_CLASS = YES_ERROR;
				CLANG_WARN_UNREACHABLE_CODE = YES;
				CLANG_WARN__DUPLICATE_METHOD_MATCH = YES;
				"CODE_SIGN_IDENTITY[sdk=iphoneos*]" = "iPhone Developer";
				COPY_PHASE_STRIP = NO;
				DEBUG_INFORMATION_FORMAT = dwarf;
				ENABLE_STRICT_OBJC_MSGSEND = YES;
				ENABLE_TESTABILITY = YES;
				GCC_C_LANGUAGE_STANDARD = gnu99;
				GCC_DYNAMIC_NO_PIC = NO;
				GCC_NO_COMMON_BLOCKS = YES;
				GCC_OPTIMIZATION_LEVEL = 0;
				GCC_PREPROCESSOR_DEFINITIONS = (
					"DEBUG=1",
					"$(inherited)",
				);
				GCC_WARN_64_TO_32_BIT_CONVERSION = YES;
				GCC_WARN_ABOUT_RETURN_TYPE = YES_ERROR;
				GCC_WARN_UNDECLARED_SELECTOR = YES;
				GCC_WARN_UNINITIALIZED_AUTOS = YES_AGGRESSIVE;
				GCC_WARN_UNUSED_FUNCTION = YES;
				GCC_WARN_UNUSED_VARIABLE = YES;
				IPHONEOS_DEPLOYMENT_TARGET = 9.3;
				MTL_ENABLE_DEBUG_INFO = YES;
				ONLY_ACTIVE_ARCH = YES;
				SDKROOT = iphoneos;
				SWIFT_OPTIMIZATION_LEVEL = "-Onone";
			};
			name = Debug;
		};
		B14AE3491EDFE33D00E5B3E8 /* Release */ = {
			isa = XCBuildConfiguration;
			buildSettings = {
				ALWAYS_SEARCH_USER_PATHS = NO;
				CLANG_ANALYZER_NONNULL = YES;
				CLANG_CXX_LANGUAGE_STANDARD = "gnu++0x";
				CLANG_CXX_LIBRARY = "libc++";
				CLANG_ENABLE_MODULES = YES;
				CLANG_ENABLE_OBJC_ARC = YES;
				CLANG_WARN_BOOL_CONVERSION = YES;
				CLANG_WARN_CONSTANT_CONVERSION = YES;
				CLANG_WARN_DIRECT_OBJC_ISA_USAGE = YES_ERROR;
				CLANG_WARN_EMPTY_BODY = YES;
				CLANG_WARN_ENUM_CONVERSION = YES;
				CLANG_WARN_INT_CONVERSION = YES;
				CLANG_WARN_OBJC_ROOT_CLASS = YES_ERROR;
				CLANG_WARN_UNREACHABLE_CODE = YES;
				CLANG_WARN__DUPLICATE_METHOD_MATCH = YES;
				"CODE_SIGN_IDENTITY[sdk=iphoneos*]" = "iPhone Developer";
				COPY_PHASE_STRIP = NO;
				DEBUG_INFORMATION_FORMAT = "dwarf-with-dsym";
				ENABLE_NS_ASSERTIONS = NO;
				ENABLE_STRICT_OBJC_MSGSEND = YES;
				GCC_C_LANGUAGE_STANDARD = gnu99;
				GCC_NO_COMMON_BLOCKS = YES;
				GCC_WARN_64_TO_32_BIT_CONVERSION = YES;
				GCC_WARN_ABOUT_RETURN_TYPE = YES_ERROR;
				GCC_WARN_UNDECLARED_SELECTOR = YES;
				GCC_WARN_UNINITIALIZED_AUTOS = YES_AGGRESSIVE;
				GCC_WARN_UNUSED_FUNCTION = YES;
				GCC_WARN_UNUSED_VARIABLE = YES;
				IPHONEOS_DEPLOYMENT_TARGET = 9.3;
				MTL_ENABLE_DEBUG_INFO = NO;
				SDKROOT = iphoneos;
				VALIDATE_PRODUCT = YES;
			};
			name = Release;
		};
		B14AE34B1EDFE33D00E5B3E8 /* Debug */ = {
			isa = XCBuildConfiguration;
			buildSettings = {
				ASSETCATALOG_COMPILER_APPICON_NAME = AppIcon;
				INFOPLIST_FILE = "Compliment Generator/Info.plist";
				LD_RUNPATH_SEARCH_PATHS = "$(inherited) @executable_path/Frameworks";
				PRODUCT_BUNDLE_IDENTIFIER = "io.developersacademy.Compliment-Generator";
				PRODUCT_NAME = "$(TARGET_NAME)";
			};
			name = Debug;
		};
		B14AE34C1EDFE33D00E5B3E8 /* Release */ = {
			isa = XCBuildConfiguration;
			buildSettings = {
				ASSETCATALOG_COMPILER_APPICON_NAME = AppIcon;
				INFOPLIST_FILE = "Compliment Generator/Info.plist";
				LD_RUNPATH_SEARCH_PATHS = "$(inherited) @executable_path/Frameworks";
				PRODUCT_BUNDLE_IDENTIFIER = "io.developersacademy.Compliment-Generator";
				PRODUCT_NAME = "$(TARGET_NAME)";
			};
			name = Release;
		};
		B14AE34E1EDFE33D00E5B3E8 /* Debug */ = {
			isa = XCBuildConfiguration;
			buildSettings = {
				BUNDLE_LOADER = "$(TEST_HOST)";
				INFOPLIST_FILE = "Compliment GeneratorTests/Info.plist";
				LD_RUNPATH_SEARCH_PATHS = "$(inherited) @executable_path/Frameworks @loader_path/Frameworks";
				PRODUCT_BUNDLE_IDENTIFIER = "io.developersacademy.Compliment-GeneratorTests";
				PRODUCT_NAME = "$(TARGET_NAME)";
				TEST_HOST = "$(BUILT_PRODUCTS_DIR)/Compliment Generator.app/Compliment Generator";
			};
			name = Debug;
		};
		B14AE34F1EDFE33D00E5B3E8 /* Release */ = {
			isa = XCBuildConfiguration;
			buildSettings = {
				BUNDLE_LOADER = "$(TEST_HOST)";
				INFOPLIST_FILE = "Compliment GeneratorTests/Info.plist";
				LD_RUNPATH_SEARCH_PATHS = "$(inherited) @executable_path/Frameworks @loader_path/Frameworks";
				PRODUCT_BUNDLE_IDENTIFIER = "io.developersacademy.Compliment-GeneratorTests";
				PRODUCT_NAME = "$(TARGET_NAME)";
				TEST_HOST = "$(BUILT_PRODUCTS_DIR)/Compliment Generator.app/Compliment Generator";
			};
			name = Release;
		};
		B14AE3511EDFE33D00E5B3E8 /* Debug */ = {
			isa = XCBuildConfiguration;
			buildSettings = {
				INFOPLIST_FILE = "Compliment GeneratorUITests/Info.plist";
				LD_RUNPATH_SEARCH_PATHS = "$(inherited) @executable_path/Frameworks @loader_path/Frameworks";
				PRODUCT_BUNDLE_IDENTIFIER = "io.developersacademy.Compliment-GeneratorUITests";
				PRODUCT_NAME = "$(TARGET_NAME)";
				TEST_TARGET_NAME = "Compliment Generator";
			};
			name = Debug;
		};
		B14AE3521EDFE33D00E5B3E8 /* Release */ = {
			isa = XCBuildConfiguration;
			buildSettings = {
				INFOPLIST_FILE = "Compliment GeneratorUITests/Info.plist";
				LD_RUNPATH_SEARCH_PATHS = "$(inherited) @executable_path/Frameworks @loader_path/Frameworks";
				PRODUCT_BUNDLE_IDENTIFIER = "io.developersacademy.Compliment-GeneratorUITests";
				PRODUCT_NAME = "$(TARGET_NAME)";
				TEST_TARGET_NAME = "Compliment Generator";
			};
			name = Release;
		};
/* End XCBuildConfiguration section */

/* Begin XCConfigurationList section */
		B14AE31A1EDFE33D00E5B3E8 /* Build configuration list for PBXProject "Compliment Generator" */ = {
			isa = XCConfigurationList;
			buildConfigurations = (
				B14AE3481EDFE33D00E5B3E8 /* Debug */,
				B14AE3491EDFE33D00E5B3E8 /* Release */,
			);
			defaultConfigurationIsVisible = 0;
			defaultConfigurationName = Release;
		};
		B14AE34A1EDFE33D00E5B3E8 /* Build configuration list for PBXNativeTarget "Compliment Generator" */ = {
			isa = XCConfigurationList;
			buildConfigurations = (
				B14AE34B1EDFE33D00E5B3E8 /* Debug */,
				B14AE34C1EDFE33D00E5B3E8 /* Release */,
			);
			defaultConfigurationIsVisible = 0;
		};
		B14AE34D1EDFE33D00E5B3E8 /* Build configuration list for PBXNativeTarget "Compliment GeneratorTests" */ = {
			isa = XCConfigurationList;
			buildConfigurations = (
				B14AE34E1EDFE33D00E5B3E8 /* Debug */,
				B14AE34F1EDFE33D00E5B3E8 /* Release */,
			);
			defaultConfigurationIsVisible = 0;
		};
		B14AE3501EDFE33D00E5B3E8 /* Build configuration list for PBXNativeTarget "Compliment GeneratorUITests" */ = {
			isa = XCConfigurationList;
			buildConfigurations = (
				B14AE3511EDFE33D00E5B3E8 /* Debug */,
				B14AE3521EDFE33D00E5B3E8 /* Release */,
			);
			defaultConfigurationIsVisible = 0;
		};
/* End XCConfigurationList section */

/* Begin XCVersionGroup section */
		B14AE3291EDFE33D00E5B3E8 /* Compliment_Generator.xcdatamodeld */ = {
			isa = XCVersionGroup;
			children = (
				B14AE32A1EDFE33D00E5B3E8 /* Compliment_Generator.xcdatamodel */,
			);
			currentVersion = B14AE32A1EDFE33D00E5B3E8 /* Compliment_Generator.xcdatamodel */;
			path = Compliment_Generator.xcdatamodeld;
			sourceTree = "<group>";
			versionGroupType = wrapper.xcdatamodel;
		};
/* End XCVersionGroup section */
	};
	rootObject = B14AE3171EDFE33D00E5B3E8 /* Project object */;
}
